// !$*UTF8*$!
{
	archiveVersion = 1;
	classes = {
	};
	objectVersion = 46;
	objects = {

/* Begin PBXAggregateTarget section */
		500D8A2A58D84C69877FD0D7 /* ALL_BUILD */ = {
			isa = PBXAggregateTarget;
			buildConfigurationList = 908C1FFF175047BABCA07132 /* Build configuration list for PBXAggregateTarget "ALL_BUILD" */;
			buildPhases = (
				E2DA7899E4012E40BB9B8DD8 /* Generate CMakeFiles/ALL_BUILD */,
			);
			dependencies = (
				7CEA326EEC554FA88CE6DB95 /* PBXTargetDependency */,
				367C9F0A46F4481ABD0649AA /* PBXTargetDependency */,
			);
			name = ALL_BUILD;
			productName = ALL_BUILD;
		};
		CE8AE22C07AB45D38A3C65FB /* ZERO_CHECK */ = {
			isa = PBXAggregateTarget;
			buildConfigurationList = 42EB88B0327E452BB4162A59 /* Build configuration list for PBXAggregateTarget "ZERO_CHECK" */;
			buildPhases = (
				0797F8B8F13D0805298CA9C1 /* Generate CMakeFiles/ZERO_CHECK */,
			);
			dependencies = (
			);
			name = ZERO_CHECK;
			productName = ZERO_CHECK;
		};
/* End PBXAggregateTarget section */

/* Begin PBXBuildFile section */
		06EC1E3BAE0144BC9E5E1962 /* /Users/xbz/Developer/Vk-Render/triangle_mesh.cpp */ = {isa = PBXBuildFile; fileRef = 5B15DEB8C09C478EA0A13DDA /* /Users/xbz/Developer/Vk-Render/triangle_mesh.cpp */; };
		0D8B731BCF41410F9078FE42 /* /Users/xbz/Developer/Vk-Render/sync.hpp */ = {isa = PBXBuildFile; fileRef = 1BAD95CB6FBC44869A457487 /* /Users/xbz/Developer/Vk-Render/sync.hpp */; };
		0ED0CFB3C7104670A5CC4A6D /* /Users/xbz/Developer/Vk-Render/CubeMesh.hpp */ = {isa = PBXBuildFile; fileRef = F3C53B2060C74DFA8BBF4D79 /* /Users/xbz/Developer/Vk-Render/CubeMesh.hpp */; };
		159547CE1C014962855061F9 /* /Users/xbz/Developer/Vk-Render/main.cpp */ = {isa = PBXBuildFile; fileRef = 19113473C0074481A86B209C /* /Users/xbz/Developer/Vk-Render/main.cpp */; };
		1A44FD4B02B3447BA251EA7E /* /Users/xbz/Developer/Vk-Render/engine.cpp */ = {isa = PBXBuildFile; fileRef = 6C9438454DF2436A8B80CA7A /* /Users/xbz/Developer/Vk-Render/engine.cpp */; };
		1BD9350DA35244EDACC12ED3 /* /Users/xbz/Developer/Vk-Render/scene.hpp */ = {isa = PBXBuildFile; fileRef = 8E0D4167B5114890ACB3F5BF /* /Users/xbz/Developer/Vk-Render/scene.hpp */; };
		2E52EA6FBD6B4CF8BE62545A /* /Users/xbz/Developer/Vk-Render/pipeline.cpp */ = {isa = PBXBuildFile; fileRef = C31C05545DFE4D918FE0DB1A /* /Users/xbz/Developer/Vk-Render/pipeline.cpp */; };
		35CAA5E567B5469583607409 /* /Users/xbz/Developer/Vk-Render/device.hpp */ = {isa = PBXBuildFile; fileRef = A762BAD7CC644351A8605F83 /* /Users/xbz/Developer/Vk-Render/device.hpp */; };
		3A48C31743F847B1A1F7193C /* /Users/xbz/Developer/Vk-Render/swapchain.cpp */ = {isa = PBXBuildFile; fileRef = 3B51EB3CC6B341F3AF5D988E /* /Users/xbz/Developer/Vk-Render/swapchain.cpp */; };
		3EA462A2741D4C6D8E668385 /* /Users/xbz/Developer/Vk-Render/instance.hpp */ = {isa = PBXBuildFile; fileRef = DE050C00B27F43A58D4732F6 /* /Users/xbz/Developer/Vk-Render/instance.hpp */; };
		3F523FB5D8E84685AD51ED00 /* /Users/xbz/Developer/Vk-Render/scene.cpp */ = {isa = PBXBuildFile; fileRef = CFF651CBD73F4E40B50DF76D /* /Users/xbz/Developer/Vk-Render/scene.cpp */; };
		4BEF85E3681541DD9853730A /* /Users/xbz/Developer/Vk-Render/framebuffer.hpp */ = {isa = PBXBuildFile; fileRef = 2CAE307D80E54AB18C91D9A9 /* /Users/xbz/Developer/Vk-Render/framebuffer.hpp */; };
		50725DCD0D4E4FC69B5BA403 /* /Users/xbz/Developer/Vk-Render/queue_families.cpp */ = {isa = PBXBuildFile; fileRef = C70BAA9F10AC4F6784B409CD /* /Users/xbz/Developer/Vk-Render/queue_families.cpp */; };
		53E25E82C1764DED9253BF91 /* /Users/xbz/Developer/Vk-Render/CubeMesh.cpp */ = {isa = PBXBuildFile; fileRef = 3A1A55C88D164717BA13D2B9 /* /Users/xbz/Developer/Vk-Render/CubeMesh.cpp */; };
		61E426FE8EDC4B3399BAA5BA /* /Users/xbz/Developer/Vk-Render/CMakeLists.txt */ = {isa = PBXBuildFile; fileRef = 63658AA937A640B28A8393C7 /* /Users/xbz/Developer/Vk-Render/CMakeLists.txt */; };
		63E8642E4B3B4659B34FBE04 /* /Users/xbz/Developer/Vk-Render/sync.cpp */ = {isa = PBXBuildFile; fileRef = EB39054AA67A4FA9A244E641 /* /Users/xbz/Developer/Vk-Render/sync.cpp */; };
		6BA22671E3934FD99D08596D /* /Users/xbz/Developer/Vk-Render/swapchain.hpp */ = {isa = PBXBuildFile; fileRef = E0D68B93128D4934B50434B1 /* /Users/xbz/Developer/Vk-Render/swapchain.hpp */; };
		70A2B5120DA04EFA929E2CA7 /* /Users/xbz/Developer/Vk-Render/frame.hpp */ = {isa = PBXBuildFile; fileRef = B8AD78D59B714758809AE2F2 /* /Users/xbz/Developer/Vk-Render/frame.hpp */; };
		7490A39359EA477E9695E0AA /* /Users/xbz/Developer/Vk-Render/engine.hpp */ = {isa = PBXBuildFile; fileRef = 0BE269C13EDD4BC5A606DA50 /* /Users/xbz/Developer/Vk-Render/engine.hpp */; };
		7579F12017C246DEBBCA7A9A /* /Users/xbz/Developer/Vk-Render/framebuffer.cpp */ = {isa = PBXBuildFile; fileRef = C096BB7818D14985B989E3CE /* /Users/xbz/Developer/Vk-Render/framebuffer.cpp */; };
		7FBE95987ADB4CEFB2D3202D /* /Users/xbz/Developer/Vk-Render/instance.cpp */ = {isa = PBXBuildFile; fileRef = 4634D22CDE6646049BB398C0 /* /Users/xbz/Developer/Vk-Render/instance.cpp */; };
		87BC9956F5B94CED9FF86C4D /* /Users/xbz/Developer/Vk-Render/quad_mesh.cpp */ = {isa = PBXBuildFile; fileRef = 2C2738419FB34C1E80DB3590 /* /Users/xbz/Developer/Vk-Render/quad_mesh.cpp */; };
		8AB50ED4BBE6491782D89401 /* /Users/xbz/Developer/Vk-Render/memory.cpp */ = {isa = PBXBuildFile; fileRef = CAF391A8DAA24E2692C42B89 /* /Users/xbz/Developer/Vk-Render/memory.cpp */; };
		91EDB47C59BF406CB993D1D2 /* /Users/xbz/Developer/Vk-Render/render_structs.hpp */ = {isa = PBXBuildFile; fileRef = AE9FEA6551D846E59C114F77 /* /Users/xbz/Developer/Vk-Render/render_structs.hpp */; };
		970C0015BE6843F9831CDFD2 /* /Users/xbz/Developer/Vk-Render/queue_families.hpp */ = {isa = PBXBuildFile; fileRef = 35522DD8638E4860AA24A222 /* /Users/xbz/Developer/Vk-Render/queue_families.hpp */; };
		9B9DB7F644794A508A9E43AA /* /Users/xbz/Developer/Vk-Render/shaders.hpp */ = {isa = PBXBuildFile; fileRef = 1459B5FBFDC549BF864DA609 /* /Users/xbz/Developer/Vk-Render/shaders.hpp */; };
		B0BB4E3AADA94B32BE821986 /* /Users/xbz/Developer/Vk-Render/app.hpp */ = {isa = PBXBuildFile; fileRef = 86613FE6C34C4F6D9B34FA8B /* /Users/xbz/Developer/Vk-Render/app.hpp */; };
		B1C4DA4E6C0045A394B715F5 /* /Users/xbz/Developer/Vk-Render/app.cpp */ = {isa = PBXBuildFile; fileRef = 43AD73D5B1A34B499341F2EE /* /Users/xbz/Developer/Vk-Render/app.cpp */; };
		C7B90E368E1347578B676EEE /* /Users/xbz/Developer/Vk-Render/triangle_mesh.hpp */ = {isa = PBXBuildFile; fileRef = 23B02E4554414757BA9C4E96 /* /Users/xbz/Developer/Vk-Render/triangle_mesh.hpp */; };
		D8614412114748B4A760E30D /* /Users/xbz/Developer/Vk-Render/pipeline.hpp */ = {isa = PBXBuildFile; fileRef = 52EBBB46F0FC411C97CC7D7B /* /Users/xbz/Developer/Vk-Render/pipeline.hpp */; };
		D9961E4250C94A8DA6C71166 /* /Users/xbz/Developer/Vk-Render/logging.cpp */ = {isa = PBXBuildFile; fileRef = FC601D2E185B4F37A36CE902 /* /Users/xbz/Developer/Vk-Render/logging.cpp */; };
		DAEC21DD421348709EA1ACE0 /* /Users/xbz/Developer/Vk-Render/commands.hpp */ = {isa = PBXBuildFile; fileRef = 750F9DCC61D64DADAC284FD5 /* /Users/xbz/Developer/Vk-Render/commands.hpp */; };
		DE9112829E4848728FF7E162 /* /Users/xbz/Developer/Vk-Render/commands.cpp */ = {isa = PBXBuildFile; fileRef = 5B3B9FA023E943FD91241A9C /* /Users/xbz/Developer/Vk-Render/commands.cpp */; };
		E151690910FB4ADA8F5836A2 /* /Users/xbz/Developer/Vk-Render/mesh.cpp */ = {isa = PBXBuildFile; fileRef = 08BAF14AB1F1482DAD98D80F /* /Users/xbz/Developer/Vk-Render/mesh.cpp */; };
		E614631CC3C34762B0CB70D9 /* /Users/xbz/Developer/Vk-Render/device.cpp */ = {isa = PBXBuildFile; fileRef = 9997004CA31545C9A6466FFA /* /Users/xbz/Developer/Vk-Render/device.cpp */; };
		E649A243024C4E24BB3501B3 /* /Users/xbz/Developer/Vk-Render/quad_mesh.hpp */ = {isa = PBXBuildFile; fileRef = 8456102C3772401390CC3FC1 /* /Users/xbz/Developer/Vk-Render/quad_mesh.hpp */; };
		E7C7ECE2E1AA4AB6B7A8EF88 /* /Users/xbz/Developer/Vk-Render/memory.hpp */ = {isa = PBXBuildFile; fileRef = B19027782E574F779899F670 /* /Users/xbz/Developer/Vk-Render/memory.hpp */; };
		F48AF3FF45A74EF696FFC3E2 /* /Users/xbz/Developer/Vk-Render/mesh.hpp */ = {isa = PBXBuildFile; fileRef = 4CDF67C8C4D14F3D882EFF24 /* /Users/xbz/Developer/Vk-Render/mesh.hpp */; };
		F7C40989803F48F3A99BA482 /* /Users/xbz/Developer/Vk-Render/logging.hpp */ = {isa = PBXBuildFile; fileRef = F4304802680F4A06A63A7127 /* /Users/xbz/Developer/Vk-Render/logging.hpp */; };
		FB3512B85C914CEBB2031076 /* /Users/xbz/Developer/Vk-Render/shaders.cpp */ = {isa = PBXBuildFile; fileRef = 03B2E747C1CB49B49E6EBE0D /* /Users/xbz/Developer/Vk-Render/shaders.cpp */; };
		FB89CD34A3F6405A8FCAF78C /* /Users/xbz/Developer/Vk-Render/config.hpp */ = {isa = PBXBuildFile; fileRef = 64918FFDB6A241BEB0E5F463 /* /Users/xbz/Developer/Vk-Render/config.hpp */; };
/* End PBXBuildFile section */

/* Begin PBXBuildStyle section */
		2F34D4F45619448EB1EF7A92 /* Debug */ = {
			isa = PBXBuildStyle;
			buildSettings = {
				COPY_PHASE_STRIP = NO;
			};
			name = Debug;
		};
		595EB437280049CCBEBA6D2F /* Release */ = {
			isa = PBXBuildStyle;
			buildSettings = {
				COPY_PHASE_STRIP = NO;
			};
			name = Release;
		};
		842E7227A31A43649E1E3CA1 /* MinSizeRel */ = {
			isa = PBXBuildStyle;
			buildSettings = {
				COPY_PHASE_STRIP = NO;
			};
			name = MinSizeRel;
		};
		B54499FFB797494EBA6BCD15 /* RelWithDebInfo */ = {
			isa = PBXBuildStyle;
			buildSettings = {
				COPY_PHASE_STRIP = NO;
			};
			name = RelWithDebInfo;
		};
/* End PBXBuildStyle section */

/* Begin PBXContainerItemProxy section */
		04BABD954E414AFCA33BA8D2 /* PBXContainerItemProxy */ = {
			isa = PBXContainerItemProxy;
			containerPortal = 459A1D90C19B40D9B634782D /* Project object */;
			proxyType = 1;
			remoteGlobalIDString = CE8AE22C07AB45D38A3C65FB;
			remoteInfo = ZERO_CHECK;
		};
		62BDE1F3753F4010B3077F62 /* PBXContainerItemProxy */ = {
			isa = PBXContainerItemProxy;
			containerPortal = 459A1D90C19B40D9B634782D /* Project object */;
			proxyType = 1;
			remoteGlobalIDString = CE8AE22C07AB45D38A3C65FB;
			remoteInfo = ZERO_CHECK;
		};
		A34EE1A016D846B084CF892B /* PBXContainerItemProxy */ = {
			isa = PBXContainerItemProxy;
			containerPortal = 459A1D90C19B40D9B634782D /* Project object */;
			proxyType = 1;
			remoteGlobalIDString = 8EE4D95CC23741C6B28ADEBD;
			remoteInfo = main;
		};
/* End PBXContainerItemProxy section */

/* Begin PBXFileReference section */
		03B2E747C1CB49B49E6EBE0D /* /Users/xbz/Developer/Vk-Render/shaders.cpp */ = {isa = PBXFileReference; explicitFileType = sourcecode.cpp.cpp; fileEncoding = 4; name = shaders.cpp; path = shaders.cpp; sourceTree = SOURCE_ROOT; };
		08BAF14AB1F1482DAD98D80F /* /Users/xbz/Developer/Vk-Render/mesh.cpp */ = {isa = PBXFileReference; explicitFileType = sourcecode.cpp.cpp; fileEncoding = 4; name = mesh.cpp; path = mesh.cpp; sourceTree = SOURCE_ROOT; };
		0BE269C13EDD4BC5A606DA50 /* /Users/xbz/Developer/Vk-Render/engine.hpp */ = {isa = PBXFileReference; explicitFileType = sourcecode.cpp.h; fileEncoding = 4; name = engine.hpp; path = engine.hpp; sourceTree = SOURCE_ROOT; };
		1459B5FBFDC549BF864DA609 /* /Users/xbz/Developer/Vk-Render/shaders.hpp */ = {isa = PBXFileReference; explicitFileType = sourcecode.cpp.h; fileEncoding = 4; name = shaders.hpp; path = shaders.hpp; sourceTree = SOURCE_ROOT; };
		19113473C0074481A86B209C /* /Users/xbz/Developer/Vk-Render/main.cpp */ = {isa = PBXFileReference; explicitFileType = sourcecode.cpp.cpp; fileEncoding = 4; name = main.cpp; path = main.cpp; sourceTree = SOURCE_ROOT; };
		1BAD95CB6FBC44869A457487 /* /Users/xbz/Developer/Vk-Render/sync.hpp */ = {isa = PBXFileReference; explicitFileType = sourcecode.cpp.h; fileEncoding = 4; name = sync.hpp; path = sync.hpp; sourceTree = SOURCE_ROOT; };
		23B02E4554414757BA9C4E96 /* /Users/xbz/Developer/Vk-Render/triangle_mesh.hpp */ = {isa = PBXFileReference; explicitFileType = sourcecode.cpp.h; fileEncoding = 4; name = triangle_mesh.hpp; path = triangle_mesh.hpp; sourceTree = SOURCE_ROOT; };
		2C2738419FB34C1E80DB3590 /* /Users/xbz/Developer/Vk-Render/quad_mesh.cpp */ = {isa = PBXFileReference; explicitFileType = sourcecode.cpp.cpp; fileEncoding = 4; name = quad_mesh.cpp; path = quad_mesh.cpp; sourceTree = SOURCE_ROOT; };
		2CAE307D80E54AB18C91D9A9 /* /Users/xbz/Developer/Vk-Render/framebuffer.hpp */ = {isa = PBXFileReference; explicitFileType = sourcecode.cpp.h; fileEncoding = 4; name = framebuffer.hpp; path = framebuffer.hpp; sourceTree = SOURCE_ROOT; };
		35522DD8638E4860AA24A222 /* /Users/xbz/Developer/Vk-Render/queue_families.hpp */ = {isa = PBXFileReference; explicitFileType = sourcecode.cpp.h; fileEncoding = 4; name = queue_families.hpp; path = queue_families.hpp; sourceTree = SOURCE_ROOT; };
		3A1A55C88D164717BA13D2B9 /* /Users/xbz/Developer/Vk-Render/CubeMesh.cpp */ = {isa = PBXFileReference; explicitFileType = sourcecode.cpp.cpp; fileEncoding = 4; name = CubeMesh.cpp; path = CubeMesh.cpp; sourceTree = SOURCE_ROOT; };
		3B51EB3CC6B341F3AF5D988E /* /Users/xbz/Developer/Vk-Render/swapchain.cpp */ = {isa = PBXFileReference; explicitFileType = sourcecode.cpp.cpp; fileEncoding = 4; name = swapchain.cpp; path = swapchain.cpp; sourceTree = SOURCE_ROOT; };
		43AD73D5B1A34B499341F2EE /* /Users/xbz/Developer/Vk-Render/app.cpp */ = {isa = PBXFileReference; explicitFileType = sourcecode.cpp.cpp; fileEncoding = 4; name = app.cpp; path = app.cpp; sourceTree = SOURCE_ROOT; };
		4634D22CDE6646049BB398C0 /* /Users/xbz/Developer/Vk-Render/instance.cpp */ = {isa = PBXFileReference; explicitFileType = sourcecode.cpp.cpp; fileEncoding = 4; name = instance.cpp; path = instance.cpp; sourceTree = SOURCE_ROOT; };
		4CDF67C8C4D14F3D882EFF24 /* /Users/xbz/Developer/Vk-Render/mesh.hpp */ = {isa = PBXFileReference; explicitFileType = sourcecode.cpp.h; fileEncoding = 4; name = mesh.hpp; path = mesh.hpp; sourceTree = SOURCE_ROOT; };
		52EBBB46F0FC411C97CC7D7B /* /Users/xbz/Developer/Vk-Render/pipeline.hpp */ = {isa = PBXFileReference; explicitFileType = sourcecode.cpp.h; fileEncoding = 4; name = pipeline.hpp; path = pipeline.hpp; sourceTree = SOURCE_ROOT; };
		5B15DEB8C09C478EA0A13DDA /* /Users/xbz/Developer/Vk-Render/triangle_mesh.cpp */ = {isa = PBXFileReference; explicitFileType = sourcecode.cpp.cpp; fileEncoding = 4; name = triangle_mesh.cpp; path = triangle_mesh.cpp; sourceTree = SOURCE_ROOT; };
		5B3B9FA023E943FD91241A9C /* /Users/xbz/Developer/Vk-Render/commands.cpp */ = {isa = PBXFileReference; explicitFileType = sourcecode.cpp.cpp; fileEncoding = 4; name = commands.cpp; path = commands.cpp; sourceTree = SOURCE_ROOT; };
		63658AA937A640B28A8393C7 /* /Users/xbz/Developer/Vk-Render/CMakeLists.txt */ = {isa = PBXFileReference; explicitFileType = sourcecode.text; fileEncoding = 4; name = CMakeLists.txt; path = CMakeLists.txt; sourceTree = SOURCE_ROOT; };
		64918FFDB6A241BEB0E5F463 /* /Users/xbz/Developer/Vk-Render/config.hpp */ = {isa = PBXFileReference; explicitFileType = sourcecode.cpp.h; fileEncoding = 4; name = config.hpp; path = config.hpp; sourceTree = SOURCE_ROOT; };
		6C9438454DF2436A8B80CA7A /* /Users/xbz/Developer/Vk-Render/engine.cpp */ = {isa = PBXFileReference; explicitFileType = sourcecode.cpp.cpp; fileEncoding = 4; name = engine.cpp; path = engine.cpp; sourceTree = SOURCE_ROOT; };
		750F9DCC61D64DADAC284FD5 /* /Users/xbz/Developer/Vk-Render/commands.hpp */ = {isa = PBXFileReference; explicitFileType = sourcecode.cpp.h; fileEncoding = 4; name = commands.hpp; path = commands.hpp; sourceTree = SOURCE_ROOT; };
		8456102C3772401390CC3FC1 /* /Users/xbz/Developer/Vk-Render/quad_mesh.hpp */ = {isa = PBXFileReference; explicitFileType = sourcecode.cpp.h; fileEncoding = 4; name = quad_mesh.hpp; path = quad_mesh.hpp; sourceTree = SOURCE_ROOT; };
		86613FE6C34C4F6D9B34FA8B /* /Users/xbz/Developer/Vk-Render/app.hpp */ = {isa = PBXFileReference; explicitFileType = sourcecode.cpp.h; fileEncoding = 4; name = app.hpp; path = app.hpp; sourceTree = SOURCE_ROOT; };
		8E0D4167B5114890ACB3F5BF /* /Users/xbz/Developer/Vk-Render/scene.hpp */ = {isa = PBXFileReference; explicitFileType = sourcecode.cpp.h; fileEncoding = 4; name = scene.hpp; path = scene.hpp; sourceTree = SOURCE_ROOT; };
		95EC48135F9D4BB18B1D0587 /* main */ = {isa = PBXFileReference; explicitFileType = "compiled.mach-o.executable"; path = main; sourceTree = BUILT_PRODUCTS_DIR; };
		9997004CA31545C9A6466FFA /* /Users/xbz/Developer/Vk-Render/device.cpp */ = {isa = PBXFileReference; explicitFileType = sourcecode.cpp.cpp; fileEncoding = 4; name = device.cpp; path = device.cpp; sourceTree = SOURCE_ROOT; };
		A762BAD7CC644351A8605F83 /* /Users/xbz/Developer/Vk-Render/device.hpp */ = {isa = PBXFileReference; explicitFileType = sourcecode.cpp.h; fileEncoding = 4; name = device.hpp; path = device.hpp; sourceTree = SOURCE_ROOT; };
		AE9FEA6551D846E59C114F77 /* /Users/xbz/Developer/Vk-Render/render_structs.hpp */ = {isa = PBXFileReference; explicitFileType = sourcecode.cpp.h; fileEncoding = 4; name = render_structs.hpp; path = render_structs.hpp; sourceTree = SOURCE_ROOT; };
		B19027782E574F779899F670 /* /Users/xbz/Developer/Vk-Render/memory.hpp */ = {isa = PBXFileReference; explicitFileType = sourcecode.cpp.h; fileEncoding = 4; name = memory.hpp; path = memory.hpp; sourceTree = SOURCE_ROOT; };
		B8AD78D59B714758809AE2F2 /* /Users/xbz/Developer/Vk-Render/frame.hpp */ = {isa = PBXFileReference; explicitFileType = sourcecode.cpp.h; fileEncoding = 4; name = frame.hpp; path = frame.hpp; sourceTree = SOURCE_ROOT; };
		B9271BAFB7834390B3836ABC /* /Users/xbz/Developer/Vk-Render/CMakeLists.txt */ = {isa = PBXFileReference; explicitFileType = sourcecode.text; fileEncoding = 4; name = CMakeLists.txt; path = CMakeLists.txt; sourceTree = SOURCE_ROOT; };
		C096BB7818D14985B989E3CE /* /Users/xbz/Developer/Vk-Render/framebuffer.cpp */ = {isa = PBXFileReference; explicitFileType = sourcecode.cpp.cpp; fileEncoding = 4; name = framebuffer.cpp; path = framebuffer.cpp; sourceTree = SOURCE_ROOT; };
		C31C05545DFE4D918FE0DB1A /* /Users/xbz/Developer/Vk-Render/pipeline.cpp */ = {isa = PBXFileReference; explicitFileType = sourcecode.cpp.cpp; fileEncoding = 4; name = pipeline.cpp; path = pipeline.cpp; sourceTree = SOURCE_ROOT; };
		C70BAA9F10AC4F6784B409CD /* /Users/xbz/Developer/Vk-Render/queue_families.cpp */ = {isa = PBXFileReference; explicitFileType = sourcecode.cpp.cpp; fileEncoding = 4; name = queue_families.cpp; path = queue_families.cpp; sourceTree = SOURCE_ROOT; };
		CAF391A8DAA24E2692C42B89 /* /Users/xbz/Developer/Vk-Render/memory.cpp */ = {isa = PBXFileReference; explicitFileType = sourcecode.cpp.cpp; fileEncoding = 4; name = memory.cpp; path = memory.cpp; sourceTree = SOURCE_ROOT; };
		CFF651CBD73F4E40B50DF76D /* /Users/xbz/Developer/Vk-Render/scene.cpp */ = {isa = PBXFileReference; explicitFileType = sourcecode.cpp.cpp; fileEncoding = 4; name = scene.cpp; path = scene.cpp; sourceTree = SOURCE_ROOT; };
		DE050C00B27F43A58D4732F6 /* /Users/xbz/Developer/Vk-Render/instance.hpp */ = {isa = PBXFileReference; explicitFileType = sourcecode.cpp.h; fileEncoding = 4; name = instance.hpp; path = instance.hpp; sourceTree = SOURCE_ROOT; };
		E0D68B93128D4934B50434B1 /* /Users/xbz/Developer/Vk-Render/swapchain.hpp */ = {isa = PBXFileReference; explicitFileType = sourcecode.cpp.h; fileEncoding = 4; name = swapchain.hpp; path = swapchain.hpp; sourceTree = SOURCE_ROOT; };
		EB39054AA67A4FA9A244E641 /* /Users/xbz/Developer/Vk-Render/sync.cpp */ = {isa = PBXFileReference; explicitFileType = sourcecode.cpp.cpp; fileEncoding = 4; name = sync.cpp; path = sync.cpp; sourceTree = SOURCE_ROOT; };
		F3C53B2060C74DFA8BBF4D79 /* /Users/xbz/Developer/Vk-Render/CubeMesh.hpp */ = {isa = PBXFileReference; explicitFileType = sourcecode.cpp.h; fileEncoding = 4; name = CubeMesh.hpp; path = CubeMesh.hpp; sourceTree = SOURCE_ROOT; };
		F4304802680F4A06A63A7127 /* /Users/xbz/Developer/Vk-Render/logging.hpp */ = {isa = PBXFileReference; explicitFileType = sourcecode.cpp.h; fileEncoding = 4; name = logging.hpp; path = logging.hpp; sourceTree = SOURCE_ROOT; };
		FC601D2E185B4F37A36CE902 /* /Users/xbz/Developer/Vk-Render/logging.cpp */ = {isa = PBXFileReference; explicitFileType = sourcecode.cpp.cpp; fileEncoding = 4; name = logging.cpp; path = logging.cpp; sourceTree = SOURCE_ROOT; };
/* End PBXFileReference section */

/* Begin PBXFrameworksBuildPhase section */
		D42F78D44C5C4F9F9025589D /* Frameworks */ = {
			isa = PBXFrameworksBuildPhase;
			buildActionMask = 2147483647;
			files = (
			);
			runOnlyForDeploymentPostprocessing = 0;
		};
/* End PBXFrameworksBuildPhase section */

/* Begin PBXGroup section */
		0302C8E2374A404CB8CC19B5 /* ALL_BUILD */ = {
			isa = PBXGroup;
			children = (
				4FECB409EE014E87B5AFAA19 /* CMake Rules */,
				B9271BAFB7834390B3836ABC /* /Users/xbz/Developer/Vk-Render/CMakeLists.txt */,
			);
			name = ALL_BUILD;
			sourceTree = "<group>";
		};
		12E9E122994B4748BC0F9125 /* Products */ = {
			isa = PBXGroup;
			children = (
				95EC48135F9D4BB18B1D0587 /* main */,
			);
			name = Products;
			sourceTree = "<group>";
		};
		4FECB409EE014E87B5AFAA19 /* CMake Rules */ = {
			isa = PBXGroup;
			children = (
			);
			name = "CMake Rules";
			sourceTree = "<group>";
		};
		548ACBECA85E49D9AF9AE107 /* Source Files */ = {
			isa = PBXGroup;
			children = (
				3A1A55C88D164717BA13D2B9 /* /Users/xbz/Developer/Vk-Render/CubeMesh.cpp */,
				43AD73D5B1A34B499341F2EE /* /Users/xbz/Developer/Vk-Render/app.cpp */,
				5B3B9FA023E943FD91241A9C /* /Users/xbz/Developer/Vk-Render/commands.cpp */,
				9997004CA31545C9A6466FFA /* /Users/xbz/Developer/Vk-Render/device.cpp */,
				6C9438454DF2436A8B80CA7A /* /Users/xbz/Developer/Vk-Render/engine.cpp */,
				C096BB7818D14985B989E3CE /* /Users/xbz/Developer/Vk-Render/framebuffer.cpp */,
				4634D22CDE6646049BB398C0 /* /Users/xbz/Developer/Vk-Render/instance.cpp */,
				FC601D2E185B4F37A36CE902 /* /Users/xbz/Developer/Vk-Render/logging.cpp */,
				19113473C0074481A86B209C /* /Users/xbz/Developer/Vk-Render/main.cpp */,
				CAF391A8DAA24E2692C42B89 /* /Users/xbz/Developer/Vk-Render/memory.cpp */,
				08BAF14AB1F1482DAD98D80F /* /Users/xbz/Developer/Vk-Render/mesh.cpp */,
				C31C05545DFE4D918FE0DB1A /* /Users/xbz/Developer/Vk-Render/pipeline.cpp */,
				2C2738419FB34C1E80DB3590 /* /Users/xbz/Developer/Vk-Render/quad_mesh.cpp */,
				C70BAA9F10AC4F6784B409CD /* /Users/xbz/Developer/Vk-Render/queue_families.cpp */,
				CFF651CBD73F4E40B50DF76D /* /Users/xbz/Developer/Vk-Render/scene.cpp */,
				03B2E747C1CB49B49E6EBE0D /* /Users/xbz/Developer/Vk-Render/shaders.cpp */,
				3B51EB3CC6B341F3AF5D988E /* /Users/xbz/Developer/Vk-Render/swapchain.cpp */,
				EB39054AA67A4FA9A244E641 /* /Users/xbz/Developer/Vk-Render/sync.cpp */,
				5B15DEB8C09C478EA0A13DDA /* /Users/xbz/Developer/Vk-Render/triangle_mesh.cpp */,
			);
			name = "Source Files";
			sourceTree = "<group>";
		};
		5864EA7836BB4CB288061FC7 /* Header Files */ = {
			isa = PBXGroup;
			children = (
				F3C53B2060C74DFA8BBF4D79 /* /Users/xbz/Developer/Vk-Render/CubeMesh.hpp */,
				86613FE6C34C4F6D9B34FA8B /* /Users/xbz/Developer/Vk-Render/app.hpp */,
				750F9DCC61D64DADAC284FD5 /* /Users/xbz/Developer/Vk-Render/commands.hpp */,
				64918FFDB6A241BEB0E5F463 /* /Users/xbz/Developer/Vk-Render/config.hpp */,
				A762BAD7CC644351A8605F83 /* /Users/xbz/Developer/Vk-Render/device.hpp */,
				0BE269C13EDD4BC5A606DA50 /* /Users/xbz/Developer/Vk-Render/engine.hpp */,
				B8AD78D59B714758809AE2F2 /* /Users/xbz/Developer/Vk-Render/frame.hpp */,
				2CAE307D80E54AB18C91D9A9 /* /Users/xbz/Developer/Vk-Render/framebuffer.hpp */,
				DE050C00B27F43A58D4732F6 /* /Users/xbz/Developer/Vk-Render/instance.hpp */,
				F4304802680F4A06A63A7127 /* /Users/xbz/Developer/Vk-Render/logging.hpp */,
				B19027782E574F779899F670 /* /Users/xbz/Developer/Vk-Render/memory.hpp */,
				4CDF67C8C4D14F3D882EFF24 /* /Users/xbz/Developer/Vk-Render/mesh.hpp */,
				52EBBB46F0FC411C97CC7D7B /* /Users/xbz/Developer/Vk-Render/pipeline.hpp */,
				8456102C3772401390CC3FC1 /* /Users/xbz/Developer/Vk-Render/quad_mesh.hpp */,
				35522DD8638E4860AA24A222 /* /Users/xbz/Developer/Vk-Render/queue_families.hpp */,
				AE9FEA6551D846E59C114F77 /* /Users/xbz/Developer/Vk-Render/render_structs.hpp */,
				8E0D4167B5114890ACB3F5BF /* /Users/xbz/Developer/Vk-Render/scene.hpp */,
				1459B5FBFDC549BF864DA609 /* /Users/xbz/Developer/Vk-Render/shaders.hpp */,
				E0D68B93128D4934B50434B1 /* /Users/xbz/Developer/Vk-Render/swapchain.hpp */,
				1BAD95CB6FBC44869A457487 /* /Users/xbz/Developer/Vk-Render/sync.hpp */,
				23B02E4554414757BA9C4E96 /* /Users/xbz/Developer/Vk-Render/triangle_mesh.hpp */,
			);
			name = "Header Files";
			sourceTree = "<group>";
		};
		9A3B55FF0F6243A9AFFE163D /* main */ = {
			isa = PBXGroup;
			children = (
				548ACBECA85E49D9AF9AE107 /* Source Files */,
				5864EA7836BB4CB288061FC7 /* Header Files */,
				63658AA937A640B28A8393C7 /* /Users/xbz/Developer/Vk-Render/CMakeLists.txt */,
			);
			name = main;
			sourceTree = "<group>";
		};
		CDA3F6E892EE423EA569237E = {
			isa = PBXGroup;
			children = (
				9A3B55FF0F6243A9AFFE163D /* main */,
				0302C8E2374A404CB8CC19B5 /* ALL_BUILD */,
				12E9E122994B4748BC0F9125 /* Products */,
				E105FDC8D51049FAA93DE461 /* Frameworks */,
				E0F676DBD1DA4FEEB209FD59 /* Resources */,
			);
			sourceTree = "<group>";
		};
		E0F676DBD1DA4FEEB209FD59 /* Resources */ = {
			isa = PBXGroup;
			children = (
			);
			name = Resources;
			sourceTree = "<group>";
		};
		E105FDC8D51049FAA93DE461 /* Frameworks */ = {
			isa = PBXGroup;
			children = (
			);
			name = Frameworks;
			sourceTree = "<group>";
		};
/* End PBXGroup section */

/* Begin PBXNativeTarget section */
		8EE4D95CC23741C6B28ADEBD /* main */ = {
			isa = PBXNativeTarget;
			buildConfigurationList = 6008586572BB4ED987CB772F /* Build configuration list for PBXNativeTarget "main" */;
			buildPhases = (
				1724C299DF8D4840A696AD1F /* Sources */,
				D42F78D44C5C4F9F9025589D /* Frameworks */,
			);
			buildRules = (
			);
			dependencies = (
				20136D7E5727431E8178B2BC /* PBXTargetDependency */,
			);
			name = main;
			productName = main;
			productReference = 95EC48135F9D4BB18B1D0587 /* main */;
			productType = "com.apple.product-type.tool";
		};
/* End PBXNativeTarget section */

/* Begin PBXProject section */
		459A1D90C19B40D9B634782D /* Project object */ = {
			isa = PBXProject;
			attributes = {
				BuildIndependentTargetsInParallel = YES;
				LastUpgradeCheck = 1530;
			};
			buildConfigurationList = FE3F9D79C31E4E7E89414DDB /* Build configuration list for PBXProject "vkloader" */;
			buildSettings = {
			};
			buildStyles = (
				2F34D4F45619448EB1EF7A92 /* Debug */,
				595EB437280049CCBEBA6D2F /* Release */,
				842E7227A31A43649E1E3CA1 /* MinSizeRel */,
				B54499FFB797494EBA6BCD15 /* RelWithDebInfo */,
			);
			compatibilityVersion = "Xcode 3.2";
			hasScannedForEncodings = 0;
			mainGroup = CDA3F6E892EE423EA569237E;
			projectDirPath = .;
			projectRoot = "";
			targets = (
				500D8A2A58D84C69877FD0D7 /* ALL_BUILD */,
				CE8AE22C07AB45D38A3C65FB /* ZERO_CHECK */,
				8EE4D95CC23741C6B28ADEBD /* main */,
			);
		};
/* End PBXProject section */

/* Begin PBXShellScriptBuildPhase section */
		0797F8B8F13D0805298CA9C1 /* Generate CMakeFiles/ZERO_CHECK */ = {
			isa = PBXShellScriptBuildPhase;
			alwaysOutOfDate = 1;
			buildActionMask = 2147483647;
			files = (
			);
			inputPaths = (
			);
			name = "Generate CMakeFiles/ZERO_CHECK";
			outputPaths = (
"/Users/xbz/Developer/Vk-Render/CMakeFiles/ZERO_CHECK"			);
			runOnlyForDeploymentPostprocessing = 0;
			shellPath = /bin/sh;
			shellScript = "set -e
if test \"$CONFIGURATION\" = \"Debug\"; then :
  cd /Users/xbz/Developer/Vk-Render
  make -f /Users/xbz/Developer/Vk-Render/CMakeScripts/ReRunCMake.make
fi
if test \"$CONFIGURATION\" = \"Release\"; then :
  cd /Users/xbz/Developer/Vk-Render
  make -f /Users/xbz/Developer/Vk-Render/CMakeScripts/ReRunCMake.make
fi
if test \"$CONFIGURATION\" = \"MinSizeRel\"; then :
  cd /Users/xbz/Developer/Vk-Render
  make -f /Users/xbz/Developer/Vk-Render/CMakeScripts/ReRunCMake.make
fi
if test \"$CONFIGURATION\" = \"RelWithDebInfo\"; then :
  cd /Users/xbz/Developer/Vk-Render
  make -f /Users/xbz/Developer/Vk-Render/CMakeScripts/ReRunCMake.make
fi
";
			showEnvVarsInLog = 0;
		};
		3C0110FC8322DE7E50886E21 = {
			isa = PBXShellScriptBuildPhase;
			buildActionMask = 2147483647;
			files = (
			);
			inputPaths = (
			);
			outputPaths = (
			);
			runOnlyForDeploymentPostprocessing = 0;
			shellPath = /bin/sh;
			shellScript = "# shell script goes here
exit 0";
			showEnvVarsInLog = 0;
		};
		9B50530E35CC49C82C2FACCF = {
			isa = PBXShellScriptBuildPhase;
			buildActionMask = 2147483647;
			files = (
			);
			inputPaths = (
			);
			outputPaths = (
			);
			runOnlyForDeploymentPostprocessing = 0;
			shellPath = /bin/sh;
			shellScript = "# shell script goes here
exit 0";
			showEnvVarsInLog = 0;
		};
		E2DA7899E4012E40BB9B8DD8 /* Generate CMakeFiles/ALL_BUILD */ = {
			isa = PBXShellScriptBuildPhase;
			alwaysOutOfDate = 1;
			buildActionMask = 2147483647;
			files = (
			);
			inputPaths = (
			);
			name = "Generate CMakeFiles/ALL_BUILD";
			outputPaths = (
"/Users/xbz/Developer/Vk-Render/CMakeFiles/ALL_BUILD"			);
			runOnlyForDeploymentPostprocessing = 0;
			shellPath = /bin/sh;
			shellScript = "set -e
if test \"$CONFIGURATION\" = \"Debug\"; then :
  cd /Users/xbz/Developer/Vk-Render
  echo Build\\ all\\ projects
fi
if test \"$CONFIGURATION\" = \"Release\"; then :
  cd /Users/xbz/Developer/Vk-Render
  echo Build\\ all\\ projects
fi
if test \"$CONFIGURATION\" = \"MinSizeRel\"; then :
  cd /Users/xbz/Developer/Vk-Render
  echo Build\\ all\\ projects
fi
if test \"$CONFIGURATION\" = \"RelWithDebInfo\"; then :
  cd /Users/xbz/Developer/Vk-Render
  echo Build\\ all\\ projects
fi
";
			showEnvVarsInLog = 0;
		};
/* End PBXShellScriptBuildPhase section */

/* Begin PBXSourcesBuildPhase section */
		1724C299DF8D4840A696AD1F /* Sources */ = {
			isa = PBXSourcesBuildPhase;
			buildActionMask = 2147483647;
			files = (
				53E25E82C1764DED9253BF91 /* /Users/xbz/Developer/Vk-Render/CubeMesh.cpp */,
				B1C4DA4E6C0045A394B715F5 /* /Users/xbz/Developer/Vk-Render/app.cpp */,
				DE9112829E4848728FF7E162 /* /Users/xbz/Developer/Vk-Render/commands.cpp */,
				E614631CC3C34762B0CB70D9 /* /Users/xbz/Developer/Vk-Render/device.cpp */,
				1A44FD4B02B3447BA251EA7E /* /Users/xbz/Developer/Vk-Render/engine.cpp */,
				7579F12017C246DEBBCA7A9A /* /Users/xbz/Developer/Vk-Render/framebuffer.cpp */,
				7FBE95987ADB4CEFB2D3202D /* /Users/xbz/Developer/Vk-Render/instance.cpp */,
				D9961E4250C94A8DA6C71166 /* /Users/xbz/Developer/Vk-Render/logging.cpp */,
				159547CE1C014962855061F9 /* /Users/xbz/Developer/Vk-Render/main.cpp */,
				8AB50ED4BBE6491782D89401 /* /Users/xbz/Developer/Vk-Render/memory.cpp */,
				E151690910FB4ADA8F5836A2 /* /Users/xbz/Developer/Vk-Render/mesh.cpp */,
				2E52EA6FBD6B4CF8BE62545A /* /Users/xbz/Developer/Vk-Render/pipeline.cpp */,
				87BC9956F5B94CED9FF86C4D /* /Users/xbz/Developer/Vk-Render/quad_mesh.cpp */,
				50725DCD0D4E4FC69B5BA403 /* /Users/xbz/Developer/Vk-Render/queue_families.cpp */,
				3F523FB5D8E84685AD51ED00 /* /Users/xbz/Developer/Vk-Render/scene.cpp */,
				FB3512B85C914CEBB2031076 /* /Users/xbz/Developer/Vk-Render/shaders.cpp */,
				3A48C31743F847B1A1F7193C /* /Users/xbz/Developer/Vk-Render/swapchain.cpp */,
				63E8642E4B3B4659B34FBE04 /* /Users/xbz/Developer/Vk-Render/sync.cpp */,
				06EC1E3BAE0144BC9E5E1962 /* /Users/xbz/Developer/Vk-Render/triangle_mesh.cpp */,
			);
			runOnlyForDeploymentPostprocessing = 0;
		};
/* End PBXSourcesBuildPhase section */

/* Begin PBXTargetDependency section */
		20136D7E5727431E8178B2BC /* PBXTargetDependency */ = {
			isa = PBXTargetDependency;
			target = CE8AE22C07AB45D38A3C65FB /* ZERO_CHECK */;
			targetProxy = 04BABD954E414AFCA33BA8D2 /* PBXContainerItemProxy */;
		};
		367C9F0A46F4481ABD0649AA /* PBXTargetDependency */ = {
			isa = PBXTargetDependency;
			target = 8EE4D95CC23741C6B28ADEBD /* main */;
			targetProxy = A34EE1A016D846B084CF892B /* PBXContainerItemProxy */;
		};
		7CEA326EEC554FA88CE6DB95 /* PBXTargetDependency */ = {
			isa = PBXTargetDependency;
			target = CE8AE22C07AB45D38A3C65FB /* ZERO_CHECK */;
			targetProxy = 62BDE1F3753F4010B3077F62 /* PBXContainerItemProxy */;
		};
/* End PBXTargetDependency section */

/* Begin XCBuildConfiguration section */
		0AC6FABC48F54C58ACB3AB1F /* Release */ = {
			isa = XCBuildConfiguration;
			buildSettings = {
				ARCHS = arm64;
				SDKROOT = /Applications/Xcode.app/Contents/Developer/Platforms/MacOSX.platform/Developer/SDKs/MacOSX14.4.sdk;
				SWIFT_COMPILATION_MODE = wholemodule;
				SYMROOT = "/Users/xbz/Developer/Vk-Render/build";
			};
			name = Release;
		};
		16F96988D1C94832B840B53D /* Debug */ = {
			isa = XCBuildConfiguration;
			buildSettings = {
				ALWAYS_SEARCH_USER_PATHS = NO;
				ARCHS = x86_64;
				COMBINE_HIDPI_IMAGES = YES;
				GCC_GENERATE_DEBUGGING_SYMBOLS = YES;
				GCC_INLINES_ARE_PRIVATE_EXTERN = NO;
				GCC_OPTIMIZATION_LEVEL = 0;
				GCC_PREPROCESSOR_DEFINITIONS = ("'CMAKE_INTDIR=\"$(CONFIGURATION)$(EFFECTIVE_PLATFORM_NAME)\"'","$(inherited)");
				GCC_SYMBOLS_PRIVATE_EXTERN = NO;
				INSTALL_PATH = "";
				ONLY_ACTIVE_ARCH = NO;
				OTHER_LDFLAGS = ("","$(inherited)");
				OTHER_REZFLAGS = "";
				PRODUCT_NAME = ZERO_CHECK;
				SECTORDER_FLAGS = "";
				USE_HEADERMAP = NO;
				WARNING_CFLAGS = ("$(inherited)");
			};
			name = Debug;
		};
		1D49B9E8B9894E90AD974DDF /* MinSizeRel */ = {
			isa = XCBuildConfiguration;
			buildSettings = {
				ARCHS = arm64;
				SDKROOT = /Applications/Xcode.app/Contents/Developer/Platforms/MacOSX.platform/Developer/SDKs/MacOSX14.4.sdk;
				SWIFT_COMPILATION_MODE = wholemodule;
				SYMROOT = "/Users/xbz/Developer/Vk-Render/build";
			};
			name = MinSizeRel;
		};
		23C2B0383B8F4702BA26F583 /* MinSizeRel */ = {
			isa = XCBuildConfiguration;
			buildSettings = {
				ALWAYS_SEARCH_USER_PATHS = NO;
				ARCHS = x86_64;
				COMBINE_HIDPI_IMAGES = YES;
				GCC_GENERATE_DEBUGGING_SYMBOLS = YES;
				GCC_INLINES_ARE_PRIVATE_EXTERN = NO;
				GCC_OPTIMIZATION_LEVEL = 0;
				GCC_PREPROCESSOR_DEFINITIONS = ("'CMAKE_INTDIR=\"$(CONFIGURATION)$(EFFECTIVE_PLATFORM_NAME)\"'","$(inherited)");
				GCC_SYMBOLS_PRIVATE_EXTERN = NO;
				INSTALL_PATH = "";
				ONLY_ACTIVE_ARCH = NO;
				OTHER_LDFLAGS = ("","$(inherited)");
				OTHER_REZFLAGS = "";
				PRODUCT_NAME = ALL_BUILD;
				SECTORDER_FLAGS = "";
				USE_HEADERMAP = NO;
				WARNING_CFLAGS = ("$(inherited)");
			};
			name = MinSizeRel;
		};
		2E147671A88A4541A92405BD /* RelWithDebInfo */ = {
			isa = XCBuildConfiguration;
			buildSettings = {
				ALWAYS_SEARCH_USER_PATHS = NO;
				ARCHS = arm64;
				COMBINE_HIDPI_IMAGES = YES;
				CONFIGURATION_BUILD_DIR = "/Users/xbz/Developer/Vk-Render/RelWithDebInfo";
				EXECUTABLE_PREFIX = "";
				EXECUTABLE_SUFFIX = "";
				GCC_GENERATE_DEBUGGING_SYMBOLS = YES;
				GCC_INLINES_ARE_PRIVATE_EXTERN = NO;
				GCC_OPTIMIZATION_LEVEL = 2;
				GCC_PREPROCESSOR_DEFINITIONS = ("'CMAKE_INTDIR=\"$(CONFIGURATION)$(EFFECTIVE_PLATFORM_NAME)\"'","$(inherited)");
				GCC_SYMBOLS_PRIVATE_EXTERN = NO;
				HEADER_SEARCH_PATHS = (/usr/local/Cellar/glfw/3.4/include,"$(inherited)");
				INSTALL_PATH = "";
				LD_RUNPATH_SEARCH_PATHS = ("/usr/local/Cellar/glfw/3.4/lib /usr/local/lib","$(inherited)");
				LIBRARY_SEARCH_PATHS = (/usr/local/Cellar/glfw/3.4/lib,"$(inherited)");
				ONLY_ACTIVE_ARCH = NO;
				OTHER_CPLUSPLUSFLAGS = "       -DNDEBUG '-std=gnu++2b' ";
				OTHER_LDFLAGS = (" -Wl,-search_paths_first -Wl,-headerpad_max_install_names",/usr/local/lib/libvulkan.dylib,/usr/local/lib/libglfw.3.4.dylib,"$(inherited)");
				OTHER_REZFLAGS = "";
				PRODUCT_NAME = main;
				SECTORDER_FLAGS = "";
				SYSTEM_HEADER_SEARCH_PATHS = (/usr/local/include,"$(inherited)");
				TARGET_TEMP_DIR = "/Users/xbz/Developer/Vk-Render/build/main.build/$(CONFIGURATION)$(EFFECTIVE_PLATFORM_NAME)";
				USE_HEADERMAP = NO;
				WARNING_CFLAGS = ("$(inherited)");
			};
			name = RelWithDebInfo;
		};
		3AB6F0C692EA43BBA29B803A /* Release */ = {
			isa = XCBuildConfiguration;
			buildSettings = {
				ALWAYS_SEARCH_USER_PATHS = NO;
				ARCHS = x86_64;
				COMBINE_HIDPI_IMAGES = YES;
				GCC_GENERATE_DEBUGGING_SYMBOLS = YES;
				GCC_INLINES_ARE_PRIVATE_EXTERN = NO;
				GCC_OPTIMIZATION_LEVEL = 0;
				GCC_PREPROCESSOR_DEFINITIONS = ("'CMAKE_INTDIR=\"$(CONFIGURATION)$(EFFECTIVE_PLATFORM_NAME)\"'","$(inherited)");
				GCC_SYMBOLS_PRIVATE_EXTERN = NO;
				INSTALL_PATH = "";
				ONLY_ACTIVE_ARCH = NO;
				OTHER_LDFLAGS = ("","$(inherited)");
				OTHER_REZFLAGS = "";
				PRODUCT_NAME = ALL_BUILD;
				SECTORDER_FLAGS = "";
				USE_HEADERMAP = NO;
				WARNING_CFLAGS = ("$(inherited)");
			};
			name = Release;
		};
		3BD8FF0F594E4DC2B49F2AF2 /* Debug */ = {
			isa = XCBuildConfiguration;
			buildSettings = {
				ALWAYS_SEARCH_USER_PATHS = NO;
				ARCHS = arm64;
				COMBINE_HIDPI_IMAGES = YES;
				CONFIGURATION_BUILD_DIR = "/Users/xbz/Developer/Vk-Render/Debug";
				EXECUTABLE_PREFIX = "";
				EXECUTABLE_SUFFIX = "";
				GCC_GENERATE_DEBUGGING_SYMBOLS = YES;
				GCC_INLINES_ARE_PRIVATE_EXTERN = NO;
				GCC_OPTIMIZATION_LEVEL = 0;
				GCC_PREPROCESSOR_DEFINITIONS = ("'CMAKE_INTDIR=\"$(CONFIGURATION)$(EFFECTIVE_PLATFORM_NAME)\"'","$(inherited)");
				GCC_SYMBOLS_PRIVATE_EXTERN = NO;
				HEADER_SEARCH_PATHS = (/usr/local/Cellar/glfw/3.4/include,"$(inherited)");
				INSTALL_PATH = "";
				LD_RUNPATH_SEARCH_PATHS = ("/usr/local/Cellar/glfw/3.4/lib /usr/local/lib","$(inherited)");
				LIBRARY_SEARCH_PATHS = (/usr/local/Cellar/glfw/3.4/lib,"$(inherited)");
				ONLY_ACTIVE_ARCH = NO;
				OTHER_CPLUSPLUSFLAGS = "   '-std=gnu++2b' ";
				OTHER_LDFLAGS = (" -Wl,-search_paths_first -Wl,-headerpad_max_install_names",/usr/local/lib/libvulkan.dylib,/usr/local/lib/libglfw.3.4.dylib,"$(inherited)");
				OTHER_REZFLAGS = "";
				PRODUCT_NAME = main;
				SECTORDER_FLAGS = "";
				SYSTEM_HEADER_SEARCH_PATHS = (/usr/local/include,"$(inherited)");
				TARGET_TEMP_DIR = "/Users/xbz/Developer/Vk-Render/build/main.build/$(CONFIGURATION)$(EFFECTIVE_PLATFORM_NAME)";
				USE_HEADERMAP = NO;
				WARNING_CFLAGS = ("$(inherited)");
			};
			name = Debug;
		};
		6591B6D596AB4F7E93CBFD77 /* RelWithDebInfo */ = {
			isa = XCBuildConfiguration;
			buildSettings = {
				ARCHS = arm64;
				SDKROOT = /Applications/Xcode.app/Contents/Developer/Platforms/MacOSX.platform/Developer/SDKs/MacOSX14.4.sdk;
				SWIFT_COMPILATION_MODE = wholemodule;
				SYMROOT = "/Users/xbz/Developer/Vk-Render/build";
			};
			name = RelWithDebInfo;
		};
		6731D9B1A853461BBF05C103 /* RelWithDebInfo */ = {
			isa = XCBuildConfiguration;
			buildSettings = {
				ALWAYS_SEARCH_USER_PATHS = NO;
				ARCHS = x86_64;
				COMBINE_HIDPI_IMAGES = YES;
				GCC_GENERATE_DEBUGGING_SYMBOLS = YES;
				GCC_INLINES_ARE_PRIVATE_EXTERN = NO;
				GCC_OPTIMIZATION_LEVEL = 0;
				GCC_PREPROCESSOR_DEFINITIONS = ("'CMAKE_INTDIR=\"$(CONFIGURATION)$(EFFECTIVE_PLATFORM_NAME)\"'","$(inherited)");
				GCC_SYMBOLS_PRIVATE_EXTERN = NO;
				INSTALL_PATH = "";
				ONLY_ACTIVE_ARCH = NO;
				OTHER_LDFLAGS = ("","$(inherited)");
				OTHER_REZFLAGS = "";
				PRODUCT_NAME = ZERO_CHECK;
				SECTORDER_FLAGS = "";
				USE_HEADERMAP = NO;
				WARNING_CFLAGS = ("$(inherited)");
			};
			name = RelWithDebInfo;
		};
		67E90D2E115E47BE8A254FAA /* Release */ = {
			isa = XCBuildConfiguration;
			buildSettings = {
				ALWAYS_SEARCH_USER_PATHS = NO;
				ARCHS = x86_64;
				COMBINE_HIDPI_IMAGES = YES;
				GCC_GENERATE_DEBUGGING_SYMBOLS = YES;
				GCC_INLINES_ARE_PRIVATE_EXTERN = NO;
				GCC_OPTIMIZATION_LEVEL = 0;
				GCC_PREPROCESSOR_DEFINITIONS = ("'CMAKE_INTDIR=\"$(CONFIGURATION)$(EFFECTIVE_PLATFORM_NAME)\"'","$(inherited)");
				GCC_SYMBOLS_PRIVATE_EXTERN = NO;
				INSTALL_PATH = "";
				ONLY_ACTIVE_ARCH = NO;
				OTHER_LDFLAGS = ("","$(inherited)");
				OTHER_REZFLAGS = "";
				PRODUCT_NAME = ZERO_CHECK;
				SECTORDER_FLAGS = "";
				USE_HEADERMAP = NO;
				WARNING_CFLAGS = ("$(inherited)");
			};
			name = Release;
		};
		73FE63A5D099443FA2B033C8 /* Debug */ = {
			isa = XCBuildConfiguration;
			buildSettings = {
				ARCHS = arm64;
				SDKROOT = /Applications/Xcode.app/Contents/Developer/Platforms/MacOSX.platform/Developer/SDKs/MacOSX14.4.sdk;
				SYMROOT = "/Users/xbz/Developer/Vk-Render/build";
			};
			name = Debug;
		};
		80F94497811E4D50AE1EA9CB /* MinSizeRel */ = {
			isa = XCBuildConfiguration;
			buildSettings = {
				ALWAYS_SEARCH_USER_PATHS = NO;
				ARCHS = x86_64;
				COMBINE_HIDPI_IMAGES = YES;
				GCC_GENERATE_DEBUGGING_SYMBOLS = YES;
				GCC_INLINES_ARE_PRIVATE_EXTERN = NO;
				GCC_OPTIMIZATION_LEVEL = 0;
				GCC_PREPROCESSOR_DEFINITIONS = ("'CMAKE_INTDIR=\"$(CONFIGURATION)$(EFFECTIVE_PLATFORM_NAME)\"'","$(inherited)");
				GCC_SYMBOLS_PRIVATE_EXTERN = NO;
				INSTALL_PATH = "";
				ONLY_ACTIVE_ARCH = NO;
				OTHER_LDFLAGS = ("","$(inherited)");
				OTHER_REZFLAGS = "";
				PRODUCT_NAME = ZERO_CHECK;
				SECTORDER_FLAGS = "";
				USE_HEADERMAP = NO;
				WARNING_CFLAGS = ("$(inherited)");
			};
			name = MinSizeRel;
		};
		8B46CBC87B7F475E8CC9D542 /* Release */ = {
			isa = XCBuildConfiguration;
			buildSettings = {
				ALWAYS_SEARCH_USER_PATHS = NO;
				ARCHS = arm64;
				COMBINE_HIDPI_IMAGES = YES;
				CONFIGURATION_BUILD_DIR = "/Users/xbz/Developer/Vk-Render/Release";
				EXECUTABLE_PREFIX = "";
				EXECUTABLE_SUFFIX = "";
				GCC_GENERATE_DEBUGGING_SYMBOLS = NO;
				GCC_INLINES_ARE_PRIVATE_EXTERN = NO;
				GCC_OPTIMIZATION_LEVEL = 3;
				GCC_PREPROCESSOR_DEFINITIONS = ("'CMAKE_INTDIR=\"$(CONFIGURATION)$(EFFECTIVE_PLATFORM_NAME)\"'","$(inherited)");
				GCC_SYMBOLS_PRIVATE_EXTERN = NO;
				HEADER_SEARCH_PATHS = (/usr/local/Cellar/glfw/3.4/include,"$(inherited)");
				INSTALL_PATH = "";
				LD_RUNPATH_SEARCH_PATHS = ("/usr/local/Cellar/glfw/3.4/lib /usr/local/lib","$(inherited)");
				LIBRARY_SEARCH_PATHS = (/usr/local/Cellar/glfw/3.4/lib,"$(inherited)");
				ONLY_ACTIVE_ARCH = NO;
				OTHER_CPLUSPLUSFLAGS = "    -DNDEBUG '-std=gnu++2b' ";
				OTHER_LDFLAGS = (" -Wl,-search_paths_first -Wl,-headerpad_max_install_names",/usr/local/lib/libvulkan.dylib,/usr/local/lib/libglfw.3.4.dylib,"$(inherited)");
				OTHER_REZFLAGS = "";
				PRODUCT_NAME = main;
				SECTORDER_FLAGS = "";
				SYSTEM_HEADER_SEARCH_PATHS = (/usr/local/include,"$(inherited)");
				TARGET_TEMP_DIR = "/Users/xbz/Developer/Vk-Render/build/main.build/$(CONFIGURATION)$(EFFECTIVE_PLATFORM_NAME)";
				USE_HEADERMAP = NO;
				WARNING_CFLAGS = ("$(inherited)");
			};
			name = Release;
		};
		B61BFDEB3C6F490BBB1F7293 /* MinSizeRel */ = {
			isa = XCBuildConfiguration;
			buildSettings = {
				ALWAYS_SEARCH_USER_PATHS = NO;
				ARCHS = arm64;
				COMBINE_HIDPI_IMAGES = YES;
				CONFIGURATION_BUILD_DIR = "/Users/xbz/Developer/Vk-Render/MinSizeRel";
				EXECUTABLE_PREFIX = "";
				EXECUTABLE_SUFFIX = "";
				GCC_GENERATE_DEBUGGING_SYMBOLS = NO;
				GCC_INLINES_ARE_PRIVATE_EXTERN = NO;
				GCC_OPTIMIZATION_LEVEL = s;
				GCC_PREPROCESSOR_DEFINITIONS = ("'CMAKE_INTDIR=\"$(CONFIGURATION)$(EFFECTIVE_PLATFORM_NAME)\"'","$(inherited)");
				GCC_SYMBOLS_PRIVATE_EXTERN = NO;
				HEADER_SEARCH_PATHS = (/usr/local/Cellar/glfw/3.4/include,"$(inherited)");
				INSTALL_PATH = "";
				LD_RUNPATH_SEARCH_PATHS = ("/usr/local/Cellar/glfw/3.4/lib /usr/local/lib","$(inherited)");
				LIBRARY_SEARCH_PATHS = (/usr/local/Cellar/glfw/3.4/lib,"$(inherited)");
				ONLY_ACTIVE_ARCH = NO;
				OTHER_CPLUSPLUSFLAGS = "    -DNDEBUG '-std=gnu++2b' ";
				OTHER_LDFLAGS = (" -Wl,-search_paths_first -Wl,-headerpad_max_install_names",/usr/local/lib/libvulkan.dylib,/usr/local/lib/libglfw.3.4.dylib,"$(inherited)");
				OTHER_REZFLAGS = "";
				PRODUCT_NAME = main;
				SECTORDER_FLAGS = "";
				SYSTEM_HEADER_SEARCH_PATHS = (/usr/local/include,"$(inherited)");
				TARGET_TEMP_DIR = "/Users/xbz/Developer/Vk-Render/build/main.build/$(CONFIGURATION)$(EFFECTIVE_PLATFORM_NAME)";
				USE_HEADERMAP = NO;
				WARNING_CFLAGS = ("$(inherited)");
			};
			name = MinSizeRel;
		};
		BCB0E38E80D6461792CF2AE8 /* RelWithDebInfo */ = {
			isa = XCBuildConfiguration;
			buildSettings = {
				ALWAYS_SEARCH_USER_PATHS = NO;
				ARCHS = x86_64;
				COMBINE_HIDPI_IMAGES = YES;
				GCC_GENERATE_DEBUGGING_SYMBOLS = YES;
				GCC_INLINES_ARE_PRIVATE_EXTERN = NO;
				GCC_OPTIMIZATION_LEVEL = 0;
				GCC_PREPROCESSOR_DEFINITIONS = ("'CMAKE_INTDIR=\"$(CONFIGURATION)$(EFFECTIVE_PLATFORM_NAME)\"'","$(inherited)");
				GCC_SYMBOLS_PRIVATE_EXTERN = NO;
				INSTALL_PATH = "";
				ONLY_ACTIVE_ARCH = NO;
				OTHER_LDFLAGS = ("","$(inherited)");
				OTHER_REZFLAGS = "";
				PRODUCT_NAME = ALL_BUILD;
				SECTORDER_FLAGS = "";
				USE_HEADERMAP = NO;
				WARNING_CFLAGS = ("$(inherited)");
			};
			name = RelWithDebInfo;
		};
		D2D8D9283077490B98D49B7E /* Debug */ = {
			isa = XCBuildConfiguration;
			buildSettings = {
				ALWAYS_SEARCH_USER_PATHS = NO;
				ARCHS = x86_64;
				COMBINE_HIDPI_IMAGES = YES;
				GCC_GENERATE_DEBUGGING_SYMBOLS = YES;
				GCC_INLINES_ARE_PRIVATE_EXTERN = NO;
				GCC_OPTIMIZATION_LEVEL = 0;
				GCC_PREPROCESSOR_DEFINITIONS = ("'CMAKE_INTDIR=\"$(CONFIGURATION)$(EFFECTIVE_PLATFORM_NAME)\"'","$(inherited)");
				GCC_SYMBOLS_PRIVATE_EXTERN = NO;
				INSTALL_PATH = "";
				ONLY_ACTIVE_ARCH = NO;
				OTHER_LDFLAGS = ("","$(inherited)");
				OTHER_REZFLAGS = "";
				PRODUCT_NAME = ALL_BUILD;
				SECTORDER_FLAGS = "";
				USE_HEADERMAP = NO;
				WARNING_CFLAGS = ("$(inherited)");
			};
			name = Debug;
		};
/* End XCBuildConfiguration section */

/* Begin XCConfigurationList section */
		42EB88B0327E452BB4162A59 /* Build configuration list for PBXAggregateTarget "ZERO_CHECK" */ = {
			isa = XCConfigurationList;
			buildConfigurations = (
				16F96988D1C94832B840B53D /* Debug */,
				67E90D2E115E47BE8A254FAA /* Release */,
				80F94497811E4D50AE1EA9CB /* MinSizeRel */,
				6731D9B1A853461BBF05C103 /* RelWithDebInfo */,
			);
			defaultConfigurationIsVisible = 0;
			defaultConfigurationName = Debug;
		};
		6008586572BB4ED987CB772F /* Build configuration list for PBXNativeTarget "main" */ = {
			isa = XCConfigurationList;
			buildConfigurations = (
				3BD8FF0F594E4DC2B49F2AF2 /* Debug */,
				8B46CBC87B7F475E8CC9D542 /* Release */,
				B61BFDEB3C6F490BBB1F7293 /* MinSizeRel */,
				2E147671A88A4541A92405BD /* RelWithDebInfo */,
			);
			defaultConfigurationIsVisible = 0;
			defaultConfigurationName = Debug;
		};
		908C1FFF175047BABCA07132 /* Build configuration list for PBXAggregateTarget "ALL_BUILD" */ = {
			isa = XCConfigurationList;
			buildConfigurations = (
				D2D8D9283077490B98D49B7E /* Debug */,
				3AB6F0C692EA43BBA29B803A /* Release */,
				23C2B0383B8F4702BA26F583 /* MinSizeRel */,
				BCB0E38E80D6461792CF2AE8 /* RelWithDebInfo */,
			);
			defaultConfigurationIsVisible = 0;
			defaultConfigurationName = Debug;
		};
		FE3F9D79C31E4E7E89414DDB /* Build configuration list for PBXProject "vkloader" */ = {
			isa = XCConfigurationList;
			buildConfigurations = (
				73FE63A5D099443FA2B033C8 /* Debug */,
				0AC6FABC48F54C58ACB3AB1F /* Release */,
				1D49B9E8B9894E90AD974DDF /* MinSizeRel */,
				6591B6D596AB4F7E93CBFD77 /* RelWithDebInfo */,
			);
			defaultConfigurationIsVisible = 0;
			defaultConfigurationName = Debug;
		};
/* End XCConfigurationList section */
	};
	rootObject = 459A1D90C19B40D9B634782D /* Project object */;
}
