<?xml version="1.0" encoding="UTF-8"?>
<Scheme
   LastUpgradeVersion = "1530"
   version = "1.7">
   <BuildAction
      parallelizeBuildables = "YES"
      buildImplicitDependencies = "YES"
      buildArchitectures = "Automatic">
      <BuildActionEntries>
         <BuildActionEntry
            buildForTesting = "YES"
            buildForRunning = "YES"
            buildForProfiling = "YES"
            buildForArchiving = "YES"
            buildForAnalyzing = "YES">
            <BuildableReference
               BuildableIdentifier = "primary"
               BlueprintIdentifier = "500D8A2A58D84C69877FD0D7"
               BuildableName = "ALL_BUILD"
               BlueprintName = "ALL_BUILD"
               ReferencedContainer = "container:3DLoaderVk.xcodeproj">
            </BuildableReference>
         </BuildActionEntry>
      </BuildActionEntries>
   </BuildAction>
   <TestAction
      buildConfiguration = "Debug"
      selectedDebuggerIdentifier = "Xcode.DebuggerFoundation.Debugger.LLDB"
      selectedLauncherIdentifier = "Xcode.DebuggerFoundation.Launcher.LLDB"
      shouldUseLaunchSchemeArgsEnv = "YES"
      shouldAutocreateTestPlan = "YES">
   </TestAction>
   <LaunchAction
      buildConfiguration = "Debug"
      selectedDebuggerIdentifier = "Xcode.DebuggerFoundation.Debugger.LLDB"
      selectedLauncherIdentifier = "Xcode.DebuggerFoundation.Launcher.LLDB"
      launchStyle = "0"
      useCustomWorkingDirectory = "NO"
      ignoresPersistentStateOnLaunch = "NO"
      debugDocumentVersioning = "YES"
      debugServiceExtension = "internal"
      allowLocationSimulation = "NO"
      showNonLocalizedStrings = "YES"
      consoleMode = "0"
      structuredConsoleMode = "2">
      <CommandLineArguments>
         <CommandLineArgument
            argument = "PATH=&quot;/opt/homebrew/bin:$PATH&quot;"
            isEnabled = "YES">
         </CommandLineArgument>
         <CommandLineArgument
            argument = "NIX_PATH=nixpkgs=/nix/var/nix/profiles/per-user/root/channels/nixpkgs"
            isEnabled = "YES">
         </CommandLineArgument>
         <CommandLineArgument
            argument = "VULKAN_SDK=/Users/xbz/VulkanSDK/1.3.275.0/macOS"
            isEnabled = "YES">
         </CommandLineArgument>
         <CommandLineArgument
            argument = "PATH=$VULKAN_SDK/bin:$PATH"
            isEnabled = "YES">
         </CommandLineArgument>
         <CommandLineArgument
            argument = "DYLD_LIBRARY_PATH=$VULKAN_SDK/lib:$DYLD_LIBRARY_PATH"
            isEnabled = "YES">
         </CommandLineArgument>
         <CommandLineArgument
            argument = "VK_ICD_FILENAMES=$VULKAN_SDK/share/vulkan/icd.d/MoltenVK_icd.json"
            isEnabled = "YES">
         </CommandLineArgument>
         <CommandLineArgument
            argument = "VK_LAYER_PATH=$VULKAN_SDK/share/vulkan/explicit_layer.d"
            isEnabled = "YES">
         </CommandLineArgument>
      </CommandLineArguments>
      <EnvironmentVariables>
         <EnvironmentVariable
            key = "PATH"
            value = "&quot;/opt/homebrew/bin:$PATH&quot;"
            isEnabled = "YES">
         </EnvironmentVariable>
         <EnvironmentVariable
            key = "NIX_PATH"
            value = "nixpkgs=/nix/var/nix/profiles/per-user/root/channels/nixpkgs"
            isEnabled = "YES">
         </EnvironmentVariable>
         <EnvironmentVariable
            key = "VULKAN_SDK"
            value = "/Users/xbz/VulkanSDK/1.3.275.0/macOS"
            isEnabled = "YES">
         </EnvironmentVariable>
         <EnvironmentVariable
            key = "PATH"
            value = "$VULKAN_SDK/bin:$PATH"
            isEnabled = "YES">
         </EnvironmentVariable>
         <EnvironmentVariable
            key = "DYLD_LIBRARY_PATH"
            value = "$VULKAN_SDK/lib:$DYLD_LIBRARY_PATH"
            isEnabled = "YES">
         </EnvironmentVariable>
         <EnvironmentVariable
            key = "VK_ICD_FILENAMES"
            value = "$VULKAN_SDK/share/vulkan/icd.d/MoltenVK_icd.json"
            isEnabled = "YES">
         </EnvironmentVariable>
         <EnvironmentVariable
            key = "VK_LAYER_PATH"
            value = "$VULKAN_SDK/share/vulkan/explicit_layer.d"
            isEnabled = "YES">
         </EnvironmentVariable>
      </EnvironmentVariables>
   </LaunchAction>
   <ProfileAction
      buildConfiguration = "Release"
      shouldUseLaunchSchemeArgsEnv = "YES"
      savedToolIdentifier = ""
      useCustomWorkingDirectory = "NO"
      debugDocumentVersioning = "YES">
      <MacroExpansion>
         <BuildableReference
            BuildableIdentifier = "primary"
            BlueprintIdentifier = "500D8A2A58D84C69877FD0D7"
            BuildableName = "ALL_BUILD"
            BlueprintName = "ALL_BUILD"
            ReferencedContainer = "container:3DLoaderVk.xcodeproj">
         </BuildableReference>
      </MacroExpansion>
   </ProfileAction>
   <AnalyzeAction
      buildConfiguration = "Debug">
   </AnalyzeAction>
   <ArchiveAction
      buildConfiguration = "Release"
      revealArchiveInOrganizer = "YES">
   </ArchiveAction>
</Scheme>
